
Microsoft Visual Studio Solution File, Format Version 12.00
# Visual Studio Version 16
VisualStudioVersion = 16.0.29411.108
MinimumVisualStudioVersion = 10.0.40219.1
Project("{FAE04EC0-301F-11D3-BF4B-00C04F79EFBC}") = "GUI", "GUI\GUI.csproj", "{E6DA3F3A-D346-4D4A-BA49-CFB2A53606D1}"
EndProject
Project("{FAE04EC0-301F-11D3-BF4B-00C04F79EFBC}") = "BUS", "BUS\BUS.csproj", "{151A854E-14C1-4CCF-9DE8-06DAC26E8CE1}"
EndProject
Project("{FAE04EC0-301F-11D3-BF4B-00C04F79EFBC}") = "DAL", "DAL\DAL.csproj", "{7B005BD2-3116-47C8-915D-F357B0CAECBD}"
EndProject
Project("{FAE04EC0-301F-11D3-BF4B-00C04F79EFBC}") = "DTO", "DTO\DTO.csproj", "{09D127BE-537B-43E2-A03C-9716A1442555}"
EndProject
Global
	GlobalSection(SolutionConfigurationPlatforms) = preSolution
		Debug|Any CPU = Debug|Any CPU
		Release|Any CPU = Release|Any CPU
	EndGlobalSection
	GlobalSection(ProjectConfigurationPlatforms) = postSolution
		{E6DA3F3A-D346-4D4A-BA49-CFB2A53606D1}.Debug|Any CPU.ActiveCfg = Debug|Any CPU
		{E6DA3F3A-D346-4D4A-BA49-CFB2A53606D1}.Debug|Any CPU.Build.0 = Debug|Any CPU
		{E6DA3F3A-D346-4D4A-BA49-CFB2A53606D1}.Release|Any CPU.ActiveCfg = Release|Any CPU
		{E6DA3F3A-D346-4D4A-BA49-CFB2A53606D1}.Release|Any CPU.Build.0 = Release|Any CPU
		{151A854E-14C1-4CCF-9DE8-06DAC26E8CE1}.Debug|Any CPU.ActiveCfg = Debug|Any CPU
		{151A854E-14C1-4CCF-9DE8-06DAC26E8CE1}.Debug|Any CPU.Build.0 = Debug|Any CPU
		{151A854E-14C1-4CCF-9DE8-06DAC26E8CE1}.Release|Any CPU.ActiveCfg = Release|Any CPU
		{151A854E-14C1-4CCF-9DE8-06DAC26E8CE1}.Release|Any CPU.Build.0 = Release|Any CPU
		{7B005BD2-3116-47C8-915D-F357B0CAECBD}.Debug|Any CPU.ActiveCfg = Debug|Any CPU
		{7B005BD2-3116-47C8-915D-F357B0CAECBD}.Debug|Any CPU.Build.0 = Debug|Any CPU
		{7B005BD2-3116-47C8-915D-F357B0CAECBD}.Release|Any CPU.ActiveCfg = Release|Any CPU
		{7B005BD2-3116-47C8-915D-F357B0CAECBD}.Release|Any CPU.Build.0 = Release|Any CPU
		{09D127BE-537B-43E2-A03C-9716A1442555}.Debug|Any CPU.ActiveCfg = Debug|Any CPU
		{09D127BE-537B-43E2-A03C-9716A1442555}.Debug|Any CPU.Build.0 = Debug|Any CPU
		{09D127BE-537B-43E2-A03C-9716A1442555}.Release|Any CPU.ActiveCfg = Release|Any CPU
		{09D127BE-537B-43E2-A03C-9716A1442555}.Release|Any CPU.Build.0 = Release|Any CPU
	EndGlobalSection
	GlobalSection(SolutionProperties) = preSolution
		HideSolutionNode = FALSE
	EndGlobalSection
	GlobalSection(ExtensibilityGlobals) = postSolution
		SolutionGuid = {117C875A-CAF2-4A17-BB8E-3C08E1629F9F}
	EndGlobalSection
EndGlobal
